{
  "version": 4,
  "terraform_version": "0.12.3",
  "serial": 540,
  "lineage": "5aa41147-c5b6-e587-139f-cb062229448c",
  "outputs": {},
  "resources": [
    {
      "mode": "managed",
      "type": "azurerm_network_interface",
      "name": "third",
      "provider": "provider.azurerm",
      "instances": [
        {
          "schema_version": 0,
          "attributes": {
            "applied_dns_servers": [],
            "dns_servers": [],
            "enable_accelerated_networking": false,
            "enable_ip_forwarding": false,
            "id": "/subscriptions/051f07ef-f597-4f62-80e5-f3515f5e0aa3/resourceGroups/TripleSSH-Group/providers/Microsoft.Network/networkInterfaces/server-nic",
            "internal_dns_name_label": "",
            "internal_fqdn": "",
            "ip_configuration": [
              {
                "application_gateway_backend_address_pools_ids": [],
                "application_security_group_ids": [],
                "load_balancer_backend_address_pools_ids": [],
                "load_balancer_inbound_nat_rules_ids": [],
                "name": "server-IP-Config",
                "primary": true,
                "private_ip_address": "",
                "private_ip_address_allocation": "dynamic",
                "private_ip_address_version": "IPv4",
                "public_ip_address_id": "/subscriptions/051f07ef-f597-4f62-80e5-f3515f5e0aa3/resourceGroups/TripleSSH-Group/providers/Microsoft.Network/publicIPAddresses/server-IP",
                "subnet_id": "/subscriptions/051f07ef-f597-4f62-80e5-f3515f5e0aa3/resourceGroups/TripleSSH-Group/providers/Microsoft.Network/virtualNetworks/TripleSSH-network/subnets/internal"
              }
            ],
            "location": "uksouth",
            "mac_address": "00-0D-3A-7E-A5-C0",
            "name": "server-nic",
            "network_security_group_id": "/subscriptions/051f07ef-f597-4f62-80e5-f3515f5e0aa3/resourceGroups/TripleSSH-Group/providers/Microsoft.Network/networkSecurityGroups/server-NSG",
            "private_ip_address": "10.0.2.5",
            "private_ip_addresses": [
              "10.0.2.5"
            ],
            "resource_group_name": "TripleSSH-Group",
            "tags": {},
            "virtual_machine_id": "/subscriptions/051f07ef-f597-4f62-80e5-f3515f5e0aa3/resourceGroups/TripleSSH-Group/providers/Microsoft.Compute/virtualMachines/server-vm"
          }
        }
      ]
    },
    {
      "mode": "managed",
      "type": "azurerm_network_security_group",
      "name": "third",
      "provider": "provider.azurerm",
      "instances": [
        {
          "schema_version": 0,
          "attributes": {
            "id": "/subscriptions/051f07ef-f597-4f62-80e5-f3515f5e0aa3/resourceGroups/TripleSSH-Group/providers/Microsoft.Network/networkSecurityGroups/server-NSG",
            "location": "uksouth",
            "name": "server-NSG",
            "resource_group_name": "TripleSSH-Group",
            "security_rule": [
              {
                "access": "Allow",
                "description": "",
                "destination_address_prefix": "*",
                "destination_address_prefixes": [],
                "destination_application_security_group_ids": [],
                "destination_port_range": "22",
                "destination_port_ranges": [],
                "direction": "Inbound",
                "name": "SSH",
                "priority": 100,
                "protocol": "Tcp",
                "source_address_prefix": "*",
                "source_address_prefixes": [],
                "source_application_security_group_ids": [],
                "source_port_range": "*",
                "source_port_ranges": []
              },
              {
                "access": "Allow",
                "description": "",
                "destination_address_prefix": "*",
                "destination_address_prefixes": [],
                "destination_application_security_group_ids": [],
                "destination_port_range": "8088",
                "destination_port_ranges": [],
                "direction": "Inbound",
                "name": "Server",
                "priority": 200,
                "protocol": "Tcp",
                "source_address_prefix": "*",
                "source_address_prefixes": [],
                "source_application_security_group_ids": [],
                "source_port_range": "*",
                "source_port_ranges": []
              }
            ],
            "tags": {}
          },
          "depends_on": [
            "azurerm_resource_group.main"
          ]
        }
      ]
    },
    {
      "mode": "managed",
      "type": "azurerm_public_ip",
      "name": "third",
      "provider": "provider.azurerm",
      "instances": [
        {
          "schema_version": 0,
          "attributes": {
            "allocation_method": "Static",
            "domain_name_label": "hmsserver-300619143010",
            "fqdn": "hmsserver-300619143010.uksouth.cloudapp.azure.com",
            "id": "/subscriptions/051f07ef-f597-4f62-80e5-f3515f5e0aa3/resourceGroups/TripleSSH-Group/providers/Microsoft.Network/publicIPAddresses/server-IP",
            "idle_timeout_in_minutes": 4,
            "ip_address": "51.143.172.176",
            "ip_version": "IPv4",
            "location": "uksouth",
            "name": "server-IP",
            "public_ip_address_allocation": "Static",
            "public_ip_prefix_id": null,
            "resource_group_name": "TripleSSH-Group",
            "reverse_fqdn": "",
            "sku": "Basic",
            "tags": {
              "environment": "Production"
            },
            "zones": []
          },
          "depends_on": [
            "azurerm_resource_group.main"
          ]
        }
      ]
    },
    {
      "mode": "managed",
      "type": "azurerm_resource_group",
      "name": "main",
      "provider": "provider.azurerm",
      "instances": [
        {
          "schema_version": 0,
          "attributes": {
            "id": "/subscriptions/051f07ef-f597-4f62-80e5-f3515f5e0aa3/resourceGroups/TripleSSH-Group",
            "location": "uksouth",
            "name": "TripleSSH-Group",
            "tags": {}
          }
        }
      ]
    },
    {
      "mode": "managed",
      "type": "azurerm_subnet",
      "name": "internal",
      "provider": "provider.azurerm",
      "instances": [
        {
          "schema_version": 0,
          "attributes": {
            "address_prefix": "10.0.2.0/24",
            "delegation": [],
            "id": "/subscriptions/051f07ef-f597-4f62-80e5-f3515f5e0aa3/resourceGroups/TripleSSH-Group/providers/Microsoft.Network/virtualNetworks/TripleSSH-network/subnets/internal",
            "ip_configurations": [
              "/subscriptions/051f07ef-f597-4f62-80e5-f3515f5e0aa3/resourceGroups/TripleSSH-Group/providers/Microsoft.Network/networkInterfaces/host-nic/ipConfigurations/host-IP-Config",
              "/subscriptions/051f07ef-f597-4f62-80e5-f3515f5e0aa3/resourceGroups/TripleSSH-Group/providers/Microsoft.Network/networkInterfaces/server-nic/ipConfigurations/server-IP-Config",
              "/subscriptions/051f07ef-f597-4f62-80e5-f3515f5e0aa3/resourceGroups/TripleSSH-Group/providers/Microsoft.Network/networkInterfaces/slave-nic/ipConfigurations/slave-IP-Config"
            ],
            "name": "internal",
            "network_security_group_id": "",
            "resource_group_name": "TripleSSH-Group",
            "route_table_id": "",
            "service_endpoints": [],
            "virtual_network_name": "TripleSSH-network"
          },
          "depends_on": [
            "azurerm_resource_group.main",
            "azurerm_virtual_network.main"
          ]
        }
      ]
    },
    {
      "mode": "managed",
      "type": "azurerm_virtual_machine",
      "name": "third",
      "provider": "provider.azurerm",
      "instances": []
    },
    {
      "mode": "managed",
      "type": "azurerm_virtual_network",
      "name": "main",
      "provider": "provider.azurerm",
      "instances": [
        {
          "schema_version": 0,
          "attributes": {
            "address_space": [
              "10.0.0.0/16"
            ],
            "ddos_protection_plan": [],
            "dns_servers": [],
            "id": "/subscriptions/051f07ef-f597-4f62-80e5-f3515f5e0aa3/resourceGroups/TripleSSH-Group/providers/Microsoft.Network/virtualNetworks/TripleSSH-network",
            "location": "uksouth",
            "name": "TripleSSH-network",
            "resource_group_name": "TripleSSH-Group",
            "subnet": [
              {
                "address_prefix": "10.0.2.0/24",
                "id": "/subscriptions/051f07ef-f597-4f62-80e5-f3515f5e0aa3/resourceGroups/TripleSSH-Group/providers/Microsoft.Network/virtualNetworks/TripleSSH-network/subnets/internal",
                "name": "internal",
                "security_group": ""
              }
            ],
            "tags": {}
          },
          "depends_on": [
            "azurerm_resource_group.main"
          ]
        }
      ]
    }
  ]
}
